<?xml version="1.0" encoding="utf-8"?>
<Project ToolsVersion="4.0" xmlns="http://schemas.microsoft.com/developer/msbuild/2003">
  <ItemGroup>
    <ClInclude Include="targetver.h">
      <Filter>Source</Filter>
    </ClInclude>
    <ClInclude Include="stdafx.h">
      <Filter>Source</Filter>
    </ClInclude>
    <ClInclude Include="EngineStruct.h">
      <Filter>Source</Filter>
    </ClInclude>
    <ClInclude Include="CEngine.h">
      <Filter>Source</Filter>
    </ClInclude>
    <ClInclude Include="graphics\CGraphicsEngine.h">
      <Filter>Source\graphics</Filter>
    </ClInclude>
    <ClInclude Include="policy\Noncopyable.h">
      <Filter>Source\policy</Filter>
    </ClInclude>
    <ClInclude Include="graphics\Camera.h">
      <Filter>Source\graphics</Filter>
    </ClInclude>
    <ClInclude Include="math\Vector.h">
      <Filter>Source\math</Filter>
    </ClInclude>
    <ClInclude Include="math\kMath.h">
      <Filter>Source\math</Filter>
    </ClInclude>
    <ClInclude Include="math\Matrix.h">
      <Filter>Source\math</Filter>
    </ClInclude>
    <ClInclude Include="gameObject\GameObject.h">
      <Filter>Source\gameObject</Filter>
    </ClInclude>
    <ClInclude Include="gameObject\GameObjectManager.h">
      <Filter>Source\gameObject</Filter>
    </ClInclude>
    <ClInclude Include="gameObject\CTransform.h">
      <Filter>Source\gameObject</Filter>
    </ClInclude>
    <ClInclude Include="util\Util.h">
      <Filter>Source\util</Filter>
    </ClInclude>
    <ClInclude Include="graphics\SkinModel.h">
      <Filter>Source\graphics\3DModel</Filter>
    </ClInclude>
    <ClInclude Include="graphics\SkinModelEffect.h">
      <Filter>Source\graphics\3DModel</Filter>
    </ClInclude>
    <ClInclude Include="graphics\SkinModelShaderConst.h">
      <Filter>Source\graphics\3DModel</Filter>
    </ClInclude>
    <ClInclude Include="graphics\Shader.h">
      <Filter>Source\graphics\3DModel</Filter>
    </ClInclude>
    <ClInclude Include="graphics\ShaderResources.h">
      <Filter>Source\graphics\3DModel</Filter>
    </ClInclude>
    <ClInclude Include="graphics\SkinModelDataManager.h">
      <Filter>Source\graphics\3DModel</Filter>
    </ClInclude>
    <ClInclude Include="Input\Input.h">
      <Filter>Source\Input</Filter>
    </ClInclude>
    <ClInclude Include="graphics\SkinModelRender.h">
      <Filter>Source\graphics\3DModel</Filter>
    </ClInclude>
    <ClInclude Include="graphics\animation\AnimationClip.h">
      <Filter>Source\graphics\3DModel\animation</Filter>
    </ClInclude>
    <ClInclude Include="graphics\animation\AnimationPlayController.h">
      <Filter>Source\graphics\3DModel\animation</Filter>
    </ClInclude>
    <ClInclude Include="graphics\animation\Animation.h">
      <Filter>Source\graphics\3DModel\animation</Filter>
    </ClInclude>
    <ClInclude Include="graphics\Skeleton.h">
      <Filter>Source\graphics\3DModel</Filter>
    </ClInclude>
    <ClInclude Include="resource.h" />
    <ClInclude Include="time\GameTime.h">
      <Filter>Source\time</Filter>
    </ClInclude>
    <ClInclude Include="graphics\Sprite\SpBuffer.h">
      <Filter>Source\graphics\Sprite</Filter>
    </ClInclude>
    <ClInclude Include="graphics\Sprite\Sprite.h">
      <Filter>Source\graphics\Sprite</Filter>
    </ClInclude>
    <ClInclude Include="graphics\Sprite\Effect.h">
      <Filter>Source\graphics\Sprite</Filter>
    </ClInclude>
    <ClInclude Include="graphics\Sprite\SpriteRender.h">
      <Filter>Source\graphics\Sprite</Filter>
    </ClInclude>
    <ClInclude Include="graphics\StructedBuffer.h">
      <Filter>Source\graphics</Filter>
    </ClInclude>
    <ClInclude Include="graphics\ShaderResouceView.h">
      <Filter>Source\graphics</Filter>
    </ClInclude>
    <ClInclude Include="graphics\CUnorderedAccessView.h">
      <Filter>Source\graphics</Filter>
    </ClInclude>
    <ClInclude Include="graphics\CPrimitive.h">
      <Filter>Source\graphics</Filter>
    </ClInclude>
    <ClInclude Include="graphics\CConstantBuffer.h">
      <Filter>Source\graphics</Filter>
    </ClInclude>
    <ClInclude Include="graphics\CIndexBuffer.h">
      <Filter>Source\graphics</Filter>
    </ClInclude>
    <ClInclude Include="graphics\GPUBuffer\CGPUBuffer.h">
      <Filter>Source\graphics\GPUBuffer</Filter>
    </ClInclude>
    <ClInclude Include="graphics\CVertexBuffer.h">
      <Filter>Source\graphics</Filter>
    </ClInclude>
    <ClInclude Include="physics\MeshCollider.h">
      <Filter>Source\physics</Filter>
    </ClInclude>
    <ClInclude Include="physics\Physics.h">
      <Filter>Source\physics</Filter>
    </ClInclude>
    <ClInclude Include="physics\PhysicsStaticObject.h">
      <Filter>Source\physics</Filter>
    </ClInclude>
    <ClInclude Include="physics\RigitBody.h">
      <Filter>Source\physics</Filter>
    </ClInclude>
    <ClInclude Include="physics\SpriteBoxCollider.h">
      <Filter>Source\physics</Filter>
    </ClInclude>
    <ClInclude Include="physics\CapsuleCollider.h">
      <Filter>Source\physics</Filter>
    </ClInclude>
    <ClInclude Include="physics\CollisionAttr.h">
      <Filter>Source\physics</Filter>
    </ClInclude>
    <ClInclude Include="physics\CSphereCollider.h">
      <Filter>Source\physics</Filter>
    </ClInclude>
    <ClInclude Include="physics\ICollider.h">
      <Filter>Source\physics</Filter>
    </ClInclude>
    <ClInclude Include="debug\OutputConsole.h">
      <Filter>Source\debug</Filter>
    </ClInclude>
  </ItemGroup>
  <ItemGroup>
    <Filter Include="Source">
      <UniqueIdentifier>{5ef9dbce-a7cf-4007-89f0-f2e8ddc8aa13}</UniqueIdentifier>
    </Filter>
    <Filter Include="Source\graphics">
      <UniqueIdentifier>{95f76648-7b89-451c-b218-b6c5104c32c5}</UniqueIdentifier>
    </Filter>
    <Filter Include="Source\policy">
      <UniqueIdentifier>{8740828b-1245-4ed0-9a69-00a17228d450}</UniqueIdentifier>
    </Filter>
    <Filter Include="Source\math">
      <UniqueIdentifier>{43590726-7d09-4ea2-939c-2aeeb29bfc97}</UniqueIdentifier>
    </Filter>
    <Filter Include="Source\gameObject">
      <UniqueIdentifier>{36b5db77-c64b-4470-a326-f3ea944c6863}</UniqueIdentifier>
    </Filter>
    <Filter Include="Source\util">
      <UniqueIdentifier>{d7b8c791-701b-433e-b916-ac30f0870edb}</UniqueIdentifier>
    </Filter>
    <Filter Include="Source\graphics\3DModel">
      <UniqueIdentifier>{287ec3e5-d0ed-4e3f-97bf-86fd821570be}</UniqueIdentifier>
    </Filter>
    <Filter Include="Source\Input">
      <UniqueIdentifier>{40b64efd-a95a-4566-bae7-ea04a34fb144}</UniqueIdentifier>
    </Filter>
    <Filter Include="Source\graphics\3DModel\animation">
      <UniqueIdentifier>{9cb3a433-bce9-492a-89c1-625379557686}</UniqueIdentifier>
    </Filter>
    <Filter Include="Source\time">
      <UniqueIdentifier>{c1bbbf93-025f-46ab-9d22-0fb23d706cef}</UniqueIdentifier>
    </Filter>
    <Filter Include="Source\graphics\Sprite">
      <UniqueIdentifier>{e8754d57-ec8b-4af9-b217-01ae25825639}</UniqueIdentifier>
    </Filter>
    <Filter Include="Source\graphics\GPUBuffer">
      <UniqueIdentifier>{e42414c9-6271-498c-83ce-b6fb7110e54d}</UniqueIdentifier>
    </Filter>
    <Filter Include="Source\physics">
      <UniqueIdentifier>{51bbff42-d6fb-484a-95b8-ae3a6ba41b64}</UniqueIdentifier>
    </Filter>
    <Filter Include="Source\debug">
      <UniqueIdentifier>{3898e72b-3af0-4a3c-870a-243a317bb33c}</UniqueIdentifier>
    </Filter>
  </ItemGroup>
  <ItemGroup>
    <ClCompile Include="stdafx.cpp">
      <Filter>Source</Filter>
    </ClCompile>
    <ClCompile Include="CEngine.cpp">
      <Filter>Source</Filter>
    </ClCompile>
    <ClCompile Include="graphics\CGraphicsEngine.cpp">
      <Filter>Source\graphics</Filter>
    </ClCompile>
    <ClCompile Include="graphics\Camera.cpp">
      <Filter>Source\graphics</Filter>
    </ClCompile>
    <ClCompile Include="math\Vector.cpp">
      <Filter>Source\math</Filter>
    </ClCompile>
    <ClCompile Include="math\kMath.cpp">
      <Filter>Source\math</Filter>
    </ClCompile>
    <ClCompile Include="math\Matrix.cpp">
      <Filter>Source\math</Filter>
    </ClCompile>
    <ClCompile Include="gameObject\GameObject.cpp">
      <Filter>Source\gameObject</Filter>
    </ClCompile>
    <ClCompile Include="gameObject\GameObjectManager.cpp">
      <Filter>Source\gameObject</Filter>
    </ClCompile>
    <ClCompile Include="gameObject\CTransform.cpp">
      <Filter>Source\gameObject</Filter>
    </ClCompile>
    <ClCompile Include="graphics\SkinModel.cpp">
      <Filter>Source\graphics\3DModel</Filter>
    </ClCompile>
    <ClCompile Include="graphics\SkinModelEffect.cpp">
      <Filter>Source\graphics\3DModel</Filter>
    </ClCompile>
    <ClCompile Include="graphics\Shader.cpp">
      <Filter>Source\graphics\3DModel</Filter>
    </ClCompile>
    <ClCompile Include="graphics\ShaderResources.cpp">
      <Filter>Source\graphics\3DModel</Filter>
    </ClCompile>
    <ClCompile Include="graphics\SkinModelDataManager.cpp">
      <Filter>Source\graphics\3DModel</Filter>
    </ClCompile>
    <ClCompile Include="Input\Input.cpp">
      <Filter>Source\Input</Filter>
    </ClCompile>
    <ClCompile Include="graphics\SkinModelRender.cpp">
      <Filter>Source\graphics\3DModel</Filter>
    </ClCompile>
    <ClCompile Include="graphics\animation\AnimationClip.cpp">
      <Filter>Source\graphics\3DModel\animation</Filter>
    </ClCompile>
    <ClCompile Include="graphics\animation\AnimationPlayController.cpp">
      <Filter>Source\graphics\3DModel\animation</Filter>
    </ClCompile>
    <ClCompile Include="graphics\animation\Animation.cpp">
      <Filter>Source\graphics\3DModel\animation</Filter>
    </ClCompile>
    <ClCompile Include="graphics\Skeleton.cpp">
      <Filter>Source\graphics\3DModel</Filter>
    </ClCompile>
    <ClCompile Include="time\GameTime.cpp">
      <Filter>Source\time</Filter>
    </ClCompile>
    <ClCompile Include="graphics\Sprite\Sprite.cpp">
      <Filter>Source\graphics\Sprite</Filter>
    </ClCompile>
    <ClCompile Include="graphics\Sprite\Effect.cpp">
      <Filter>Source\graphics\Sprite</Filter>
    </ClCompile>
    <ClCompile Include="graphics\Sprite\SpBuffer.cpp">
      <Filter>Source\graphics\Sprite</Filter>
    </ClCompile>
    <ClCompile Include="graphics\Sprite\SpriteRender.cpp">
      <Filter>Source\graphics\Sprite</Filter>
    </ClCompile>
    <ClCompile Include="graphics\StructedBuffer.cpp">
      <Filter>Source\graphics</Filter>
    </ClCompile>
    <ClCompile Include="graphics\ShaderResouceView.cpp">
      <Filter>Source\graphics</Filter>
    </ClCompile>
    <ClCompile Include="graphics\CUnorderedAccessView.cpp">
      <Filter>Source\graphics</Filter>
    </ClCompile>
    <ClCompile Include="graphics\CPrimitive.cpp">
      <Filter>Source\graphics</Filter>
    </ClCompile>
    <ClCompile Include="graphics\CConstantBuffer.cpp">
      <Filter>Source\graphics</Filter>
    </ClCompile>
    <ClCompile Include="graphics\CIndexBuffer.cpp">
      <Filter>Source\graphics</Filter>
    </ClCompile>
    <ClCompile Include="graphics\GPUBuffer\CGPUBuffer.cpp">
      <Filter>Source\graphics\GPUBuffer</Filter>
    </ClCompile>
    <ClCompile Include="graphics\CVertexBuffer.cpp">
      <Filter>Source\graphics</Filter>
    </ClCompile>
    <ClCompile Include="physics\Physics.cpp">
      <Filter>Source\physics</Filter>
    </ClCompile>
    <ClCompile Include="physics\PhysicsStaticObject.cpp">
      <Filter>Source\physics</Filter>
    </ClCompile>
    <ClCompile Include="physics\RigitBody.cpp">
      <Filter>Source\physics</Filter>
    </ClCompile>
    <ClCompile Include="physics\SpriteBoxCollider.cpp">
      <Filter>Source\physics</Filter>
    </ClCompile>
    <ClCompile Include="physics\CapsuleCollider.cpp">
      <Filter>Source\physics</Filter>
    </ClCompile>
    <ClCompile Include="physics\CSphereCollider.cpp">
      <Filter>Source\physics</Filter>
    </ClCompile>
    <ClCompile Include="physics\MeshCollider.cpp">
      <Filter>Source\physics</Filter>
    </ClCompile>
    <ClCompile Include="debug\OutputConsole.cpp">
      <Filter>Source\debug</Filter>
    </ClCompile>
  </ItemGroup>
  <ItemGroup>
    <ResourceCompile Include="ZekeEngine.rc" />
  </ItemGroup>
</Project>