<?xml version="1.0" encoding="utf-8"?>
<Project ToolsVersion="4.0" xmlns="http://schemas.microsoft.com/developer/msbuild/2003">
  <ItemGroup>
    <ClInclude Include="targetver.h">
      <Filter>Source</Filter>
    </ClInclude>
    <ClInclude Include="stdafx.h">
      <Filter>Source</Filter>
    </ClInclude>
    <ClInclude Include="EngineStruct.h">
      <Filter>Source</Filter>
    </ClInclude>
    <ClInclude Include="CEngine.h">
      <Filter>Source</Filter>
    </ClInclude>
    <ClInclude Include="graphics\CGraphicsEngine.h">
      <Filter>Source\graphics</Filter>
    </ClInclude>
    <ClInclude Include="policy\Noncopyable.h">
      <Filter>Source\policy</Filter>
    </ClInclude>
    <ClInclude Include="graphics\Camera.h">
      <Filter>Source\graphics</Filter>
    </ClInclude>
    <ClInclude Include="math\Vector.h">
      <Filter>Source\math</Filter>
    </ClInclude>
    <ClInclude Include="math\kMath.h">
      <Filter>Source\math</Filter>
    </ClInclude>
    <ClInclude Include="math\Matrix.h">
      <Filter>Source\math</Filter>
    </ClInclude>
  </ItemGroup>
  <ItemGroup>
    <Filter Include="Source">
      <UniqueIdentifier>{5ef9dbce-a7cf-4007-89f0-f2e8ddc8aa13}</UniqueIdentifier>
    </Filter>
    <Filter Include="Source\graphics">
      <UniqueIdentifier>{95f76648-7b89-451c-b218-b6c5104c32c5}</UniqueIdentifier>
    </Filter>
    <Filter Include="Source\policy">
      <UniqueIdentifier>{8740828b-1245-4ed0-9a69-00a17228d450}</UniqueIdentifier>
    </Filter>
    <Filter Include="Source\math">
      <UniqueIdentifier>{43590726-7d09-4ea2-939c-2aeeb29bfc97}</UniqueIdentifier>
    </Filter>
  </ItemGroup>
  <ItemGroup>
    <ClCompile Include="stdafx.cpp">
      <Filter>Source</Filter>
    </ClCompile>
    <ClCompile Include="CEngine.cpp">
      <Filter>Source</Filter>
    </ClCompile>
    <ClCompile Include="graphics\CGraphicsEngine.cpp">
      <Filter>Source\graphics</Filter>
    </ClCompile>
    <ClCompile Include="graphics\Camera.cpp">
      <Filter>Source\graphics</Filter>
    </ClCompile>
    <ClCompile Include="math\Vector.cpp">
      <Filter>Source\math</Filter>
    </ClCompile>
    <ClCompile Include="math\kMath.cpp">
      <Filter>Source\math</Filter>
    </ClCompile>
    <ClCompile Include="math\Matrix.cpp">
      <Filter>Source\math</Filter>
    </ClCompile>
  </ItemGroup>
</Project>